
Microsoft Visual Studio Solution File, Format Version 12.00
# Visual Studio Version 17
VisualStudioVersion = 17.9.34723.18
MinimumVisualStudioVersion = 10.0.40219.1
Project("{2150E333-8FDC-42A3-9474-1A3956D46DE8}") = "src", "src", "{3261C12C-68F8-4221-A10E-60A309C08D40}"
EndProject
Project("{2150E333-8FDC-42A3-9474-1A3956D46DE8}") = "tests", "tests", "{BC309992-3748-4803-80DA-1AA89A21D3A9}"
EndProject
Project("{2150E333-8FDC-42A3-9474-1A3956D46DE8}") = "API", "API", "{455FD9B3-4AB0-429C-9B28-BFED85F326E9}"
EndProject
Project("{9A19103F-16F7-4668-BE54-9A1E7A4F7556}") = "Learner.Api", "Learner.Api\Learner.Api.csproj", "{3C8F884D-C4B2-484B-9C96-3BD73B768776}"
EndProject
Project("{2150E333-8FDC-42A3-9474-1A3956D46DE8}") = "Core", "Core", "{26DC70D6-34FD-4245-A3FA-306E8C17486C}"
EndProject
Project("{9A19103F-16F7-4668-BE54-9A1E7A4F7556}") = "Learner.Domain", "Learner.Domain\Learner.Domain.csproj", "{D1774D76-1B4B-4A20-B4C2-2CC1C152263C}"
EndProject
Project("{9A19103F-16F7-4668-BE54-9A1E7A4F7556}") = "Learner.Application", "Learner.Application\Learner.Application.csproj", "{CF6F95F5-8857-4EC9-9E17-64A42141F44F}"
EndProject
Project("{2150E333-8FDC-42A3-9474-1A3956D46DE8}") = "Infrastructure", "Infrastructure", "{9EA64E2E-622C-4CAE-AF88-0482E9BA8AAC}"
EndProject
Project("{9A19103F-16F7-4668-BE54-9A1E7A4F7556}") = "Learner.Persistence", "Learner.Persistence\Learner.Persistence.csproj", "{B1179179-D0F3-40F3-8015-1323C0251DB9}"
EndProject
Project("{9A19103F-16F7-4668-BE54-9A1E7A4F7556}") = "Learner.Application.Tests", "Learner.Application.Tests\Learner.Application.Tests.csproj", "{94759263-8003-4239-86C9-45DEE210B660}"
EndProject
Project("{FAE04EC0-301F-11D3-BF4B-00C04F79EFBC}") = "Learner.Api.Tests", "Learner.Api.Tests\Learner.Api.Tests.csproj", "{62211F6E-C6FC-43DF-A0D4-62449DA08CC0}"
EndProject
Global
	GlobalSection(SolutionConfigurationPlatforms) = preSolution
		Debug|Any CPU = Debug|Any CPU
		Release|Any CPU = Release|Any CPU
	EndGlobalSection
	GlobalSection(ProjectConfigurationPlatforms) = postSolution
		{3C8F884D-C4B2-484B-9C96-3BD73B768776}.Debug|Any CPU.ActiveCfg = Debug|Any CPU
		{3C8F884D-C4B2-484B-9C96-3BD73B768776}.Debug|Any CPU.Build.0 = Debug|Any CPU
		{3C8F884D-C4B2-484B-9C96-3BD73B768776}.Release|Any CPU.ActiveCfg = Release|Any CPU
		{3C8F884D-C4B2-484B-9C96-3BD73B768776}.Release|Any CPU.Build.0 = Release|Any CPU
		{D1774D76-1B4B-4A20-B4C2-2CC1C152263C}.Debug|Any CPU.ActiveCfg = Debug|Any CPU
		{D1774D76-1B4B-4A20-B4C2-2CC1C152263C}.Debug|Any CPU.Build.0 = Debug|Any CPU
		{D1774D76-1B4B-4A20-B4C2-2CC1C152263C}.Release|Any CPU.ActiveCfg = Release|Any CPU
		{D1774D76-1B4B-4A20-B4C2-2CC1C152263C}.Release|Any CPU.Build.0 = Release|Any CPU
		{CF6F95F5-8857-4EC9-9E17-64A42141F44F}.Debug|Any CPU.ActiveCfg = Debug|Any CPU
		{CF6F95F5-8857-4EC9-9E17-64A42141F44F}.Debug|Any CPU.Build.0 = Debug|Any CPU
		{CF6F95F5-8857-4EC9-9E17-64A42141F44F}.Release|Any CPU.ActiveCfg = Release|Any CPU
		{CF6F95F5-8857-4EC9-9E17-64A42141F44F}.Release|Any CPU.Build.0 = Release|Any CPU
		{B1179179-D0F3-40F3-8015-1323C0251DB9}.Debug|Any CPU.ActiveCfg = Debug|Any CPU
		{B1179179-D0F3-40F3-8015-1323C0251DB9}.Debug|Any CPU.Build.0 = Debug|Any CPU
		{B1179179-D0F3-40F3-8015-1323C0251DB9}.Release|Any CPU.ActiveCfg = Release|Any CPU
		{B1179179-D0F3-40F3-8015-1323C0251DB9}.Release|Any CPU.Build.0 = Release|Any CPU
		{94759263-8003-4239-86C9-45DEE210B660}.Debug|Any CPU.ActiveCfg = Debug|Any CPU
		{94759263-8003-4239-86C9-45DEE210B660}.Debug|Any CPU.Build.0 = Debug|Any CPU
		{94759263-8003-4239-86C9-45DEE210B660}.Release|Any CPU.ActiveCfg = Release|Any CPU
		{94759263-8003-4239-86C9-45DEE210B660}.Release|Any CPU.Build.0 = Release|Any CPU
		{62211F6E-C6FC-43DF-A0D4-62449DA08CC0}.Debug|Any CPU.ActiveCfg = Debug|Any CPU
		{62211F6E-C6FC-43DF-A0D4-62449DA08CC0}.Debug|Any CPU.Build.0 = Debug|Any CPU
		{62211F6E-C6FC-43DF-A0D4-62449DA08CC0}.Release|Any CPU.ActiveCfg = Release|Any CPU
		{62211F6E-C6FC-43DF-A0D4-62449DA08CC0}.Release|Any CPU.Build.0 = Release|Any CPU
	EndGlobalSection
	GlobalSection(SolutionProperties) = preSolution
		HideSolutionNode = FALSE
	EndGlobalSection
	GlobalSection(NestedProjects) = preSolution
		{455FD9B3-4AB0-429C-9B28-BFED85F326E9} = {3261C12C-68F8-4221-A10E-60A309C08D40}
		{3C8F884D-C4B2-484B-9C96-3BD73B768776} = {455FD9B3-4AB0-429C-9B28-BFED85F326E9}
		{26DC70D6-34FD-4245-A3FA-306E8C17486C} = {3261C12C-68F8-4221-A10E-60A309C08D40}
		{D1774D76-1B4B-4A20-B4C2-2CC1C152263C} = {26DC70D6-34FD-4245-A3FA-306E8C17486C}
		{CF6F95F5-8857-4EC9-9E17-64A42141F44F} = {26DC70D6-34FD-4245-A3FA-306E8C17486C}
		{9EA64E2E-622C-4CAE-AF88-0482E9BA8AAC} = {3261C12C-68F8-4221-A10E-60A309C08D40}
		{B1179179-D0F3-40F3-8015-1323C0251DB9} = {9EA64E2E-622C-4CAE-AF88-0482E9BA8AAC}
		{94759263-8003-4239-86C9-45DEE210B660} = {BC309992-3748-4803-80DA-1AA89A21D3A9}
		{62211F6E-C6FC-43DF-A0D4-62449DA08CC0} = {BC309992-3748-4803-80DA-1AA89A21D3A9}
	EndGlobalSection
	GlobalSection(ExtensibilityGlobals) = postSolution
		SolutionGuid = {8EAC675C-9D24-475E-A0F3-9472BA508D6E}
	EndGlobalSection
EndGlobal
